# This file is autogenerated, do not edit; changes may be undone by the next 'dep ensure'.


[[projects]]
  name = "github.com/ChinmayR/PackageD"
  packages = ["."]
  revision = "3939e4fa5cad2845666d99e769796163e1d30152"

[solve-meta]
  analyzer-name = "dep"
  analyzer-version = 1
  inputs-digest = "bf73381410ccc864b348c55cde6d53036eeff47df302b4ea9765a7b60c2f3395"
  solver-name = "gps-cdcl"
  solver-version = 1
